
Microsoft Visual Studio Solution File, Format Version 12.00
# Visual Studio Version 17
VisualStudioVersion = 17.8.34525.116
MinimumVisualStudioVersion = 10.0.40219.1
Project("{8BC9CEB8-8B4A-11D0-8D11-00A0C91BC942}") = "Bai01", "Bai01\Bai01.vcxproj", "{A8F67C41-1E66-4E34-BF30-4B3A4C654A2C}"
EndProject
Project("{8BC9CEB8-8B4A-11D0-8D11-00A0C91BC942}") = "Bai02", "Bai02\Bai02.vcxproj", "{654756CB-41D2-4EF4-8439-612CA80D0AA3}"
EndProject
Project("{8BC9CEB8-8B4A-11D0-8D11-00A0C91BC942}") = "Bai03", "Bai03\Bai03.vcxproj", "{B6D984AE-EEAE-476C-88B3-CC6E215FCA1C}"
EndProject
Project("{8BC9CEB8-8B4A-11D0-8D11-00A0C91BC942}") = "Bai04", "Bai04\Bai04.vcxproj", "{F782CC8C-D832-4D5F-8D72-07AF6EF8C9FC}"
EndProject
Project("{8BC9CEB8-8B4A-11D0-8D11-00A0C91BC942}") = "Bai05", "Bai05\Bai05.vcxproj", "{A14048D9-4187-4CAF-9F68-B294E473A597}"
EndProject
Project("{8BC9CEB8-8B4A-11D0-8D11-00A0C91BC942}") = "Bai06", "Bai06\Bai06.vcxproj", "{1D5E6FBE-86AB-4EA9-96C8-DC709A4F219B}"
EndProject
Project("{8BC9CEB8-8B4A-11D0-8D11-00A0C91BC942}") = "Bai07", "Bai07\Bai07.vcxproj", "{1015E02D-B54F-4C1D-BF4F-9FE4A6223C52}"
EndProject
Project("{8BC9CEB8-8B4A-11D0-8D11-00A0C91BC942}") = "Bai08", "Bai08\Bai08.vcxproj", "{47B59BB1-9C75-4C84-9A21-B489864142F7}"
EndProject
Project("{8BC9CEB8-8B4A-11D0-8D11-00A0C91BC942}") = "Bai09", "Bai09\Bai09.vcxproj", "{E2F20336-39EF-420D-AC4E-DC9C5AC2AC78}"
EndProject
Project("{8BC9CEB8-8B4A-11D0-8D11-00A0C91BC942}") = "Bai10", "Bai10\Bai10.vcxproj", "{FF505207-768E-41A0-A27F-1374D97196BF}"
EndProject
Project("{8BC9CEB8-8B4A-11D0-8D11-00A0C91BC942}") = "Bai11", "Bai11\Bai11.vcxproj", "{B3BBDE0D-F9DB-4788-B6D6-AE44CD392F4E}"
EndProject
Project("{8BC9CEB8-8B4A-11D0-8D11-00A0C91BC942}") = "Bai12", "Bai12\Bai12.vcxproj", "{366397EF-35D0-4B66-8DB0-0A7BD48D90B3}"
EndProject
Global
	GlobalSection(SolutionConfigurationPlatforms) = preSolution
		Debug|x64 = Debug|x64
		Debug|x86 = Debug|x86
		Release|x64 = Release|x64
		Release|x86 = Release|x86
	EndGlobalSection
	GlobalSection(ProjectConfigurationPlatforms) = postSolution
		{A8F67C41-1E66-4E34-BF30-4B3A4C654A2C}.Debug|x64.ActiveCfg = Debug|x64
		{A8F67C41-1E66-4E34-BF30-4B3A4C654A2C}.Debug|x64.Build.0 = Debug|x64
		{A8F67C41-1E66-4E34-BF30-4B3A4C654A2C}.Debug|x86.ActiveCfg = Debug|Win32
		{A8F67C41-1E66-4E34-BF30-4B3A4C654A2C}.Debug|x86.Build.0 = Debug|Win32
		{A8F67C41-1E66-4E34-BF30-4B3A4C654A2C}.Release|x64.ActiveCfg = Release|x64
		{A8F67C41-1E66-4E34-BF30-4B3A4C654A2C}.Release|x64.Build.0 = Release|x64
		{A8F67C41-1E66-4E34-BF30-4B3A4C654A2C}.Release|x86.ActiveCfg = Release|Win32
		{A8F67C41-1E66-4E34-BF30-4B3A4C654A2C}.Release|x86.Build.0 = Release|Win32
		{654756CB-41D2-4EF4-8439-612CA80D0AA3}.Debug|x64.ActiveCfg = Debug|x64
		{654756CB-41D2-4EF4-8439-612CA80D0AA3}.Debug|x64.Build.0 = Debug|x64
		{654756CB-41D2-4EF4-8439-612CA80D0AA3}.Debug|x86.ActiveCfg = Debug|Win32
		{654756CB-41D2-4EF4-8439-612CA80D0AA3}.Debug|x86.Build.0 = Debug|Win32
		{654756CB-41D2-4EF4-8439-612CA80D0AA3}.Release|x64.ActiveCfg = Release|x64
		{654756CB-41D2-4EF4-8439-612CA80D0AA3}.Release|x64.Build.0 = Release|x64
		{654756CB-41D2-4EF4-8439-612CA80D0AA3}.Release|x86.ActiveCfg = Release|Win32
		{654756CB-41D2-4EF4-8439-612CA80D0AA3}.Release|x86.Build.0 = Release|Win32
		{B6D984AE-EEAE-476C-88B3-CC6E215FCA1C}.Debug|x64.ActiveCfg = Debug|x64
		{B6D984AE-EEAE-476C-88B3-CC6E215FCA1C}.Debug|x64.Build.0 = Debug|x64
		{B6D984AE-EEAE-476C-88B3-CC6E215FCA1C}.Debug|x86.ActiveCfg = Debug|Win32
		{B6D984AE-EEAE-476C-88B3-CC6E215FCA1C}.Debug|x86.Build.0 = Debug|Win32
		{B6D984AE-EEAE-476C-88B3-CC6E215FCA1C}.Release|x64.ActiveCfg = Release|x64
		{B6D984AE-EEAE-476C-88B3-CC6E215FCA1C}.Release|x64.Build.0 = Release|x64
		{B6D984AE-EEAE-476C-88B3-CC6E215FCA1C}.Release|x86.ActiveCfg = Release|Win32
		{B6D984AE-EEAE-476C-88B3-CC6E215FCA1C}.Release|x86.Build.0 = Release|Win32
		{F782CC8C-D832-4D5F-8D72-07AF6EF8C9FC}.Debug|x64.ActiveCfg = Debug|x64
		{F782CC8C-D832-4D5F-8D72-07AF6EF8C9FC}.Debug|x64.Build.0 = Debug|x64
		{F782CC8C-D832-4D5F-8D72-07AF6EF8C9FC}.Debug|x86.ActiveCfg = Debug|Win32
		{F782CC8C-D832-4D5F-8D72-07AF6EF8C9FC}.Debug|x86.Build.0 = Debug|Win32
		{F782CC8C-D832-4D5F-8D72-07AF6EF8C9FC}.Release|x64.ActiveCfg = Release|x64
		{F782CC8C-D832-4D5F-8D72-07AF6EF8C9FC}.Release|x64.Build.0 = Release|x64
		{F782CC8C-D832-4D5F-8D72-07AF6EF8C9FC}.Release|x86.ActiveCfg = Release|Win32
		{F782CC8C-D832-4D5F-8D72-07AF6EF8C9FC}.Release|x86.Build.0 = Release|Win32
		{A14048D9-4187-4CAF-9F68-B294E473A597}.Debug|x64.ActiveCfg = Debug|x64
		{A14048D9-4187-4CAF-9F68-B294E473A597}.Debug|x64.Build.0 = Debug|x64
		{A14048D9-4187-4CAF-9F68-B294E473A597}.Debug|x86.ActiveCfg = Debug|Win32
		{A14048D9-4187-4CAF-9F68-B294E473A597}.Debug|x86.Build.0 = Debug|Win32
		{A14048D9-4187-4CAF-9F68-B294E473A597}.Release|x64.ActiveCfg = Release|x64
		{A14048D9-4187-4CAF-9F68-B294E473A597}.Release|x64.Build.0 = Release|x64
		{A14048D9-4187-4CAF-9F68-B294E473A597}.Release|x86.ActiveCfg = Release|Win32
		{A14048D9-4187-4CAF-9F68-B294E473A597}.Release|x86.Build.0 = Release|Win32
		{1D5E6FBE-86AB-4EA9-96C8-DC709A4F219B}.Debug|x64.ActiveCfg = Debug|x64
		{1D5E6FBE-86AB-4EA9-96C8-DC709A4F219B}.Debug|x64.Build.0 = Debug|x64
		{1D5E6FBE-86AB-4EA9-96C8-DC709A4F219B}.Debug|x86.ActiveCfg = Debug|Win32
		{1D5E6FBE-86AB-4EA9-96C8-DC709A4F219B}.Debug|x86.Build.0 = Debug|Win32
		{1D5E6FBE-86AB-4EA9-96C8-DC709A4F219B}.Release|x64.ActiveCfg = Release|x64
		{1D5E6FBE-86AB-4EA9-96C8-DC709A4F219B}.Release|x64.Build.0 = Release|x64
		{1D5E6FBE-86AB-4EA9-96C8-DC709A4F219B}.Release|x86.ActiveCfg = Release|Win32
		{1D5E6FBE-86AB-4EA9-96C8-DC709A4F219B}.Release|x86.Build.0 = Release|Win32
		{1015E02D-B54F-4C1D-BF4F-9FE4A6223C52}.Debug|x64.ActiveCfg = Debug|x64
		{1015E02D-B54F-4C1D-BF4F-9FE4A6223C52}.Debug|x64.Build.0 = Debug|x64
		{1015E02D-B54F-4C1D-BF4F-9FE4A6223C52}.Debug|x86.ActiveCfg = Debug|Win32
		{1015E02D-B54F-4C1D-BF4F-9FE4A6223C52}.Debug|x86.Build.0 = Debug|Win32
		{1015E02D-B54F-4C1D-BF4F-9FE4A6223C52}.Release|x64.ActiveCfg = Release|x64
		{1015E02D-B54F-4C1D-BF4F-9FE4A6223C52}.Release|x64.Build.0 = Release|x64
		{1015E02D-B54F-4C1D-BF4F-9FE4A6223C52}.Release|x86.ActiveCfg = Release|Win32
		{1015E02D-B54F-4C1D-BF4F-9FE4A6223C52}.Release|x86.Build.0 = Release|Win32
		{47B59BB1-9C75-4C84-9A21-B489864142F7}.Debug|x64.ActiveCfg = Debug|x64
		{47B59BB1-9C75-4C84-9A21-B489864142F7}.Debug|x64.Build.0 = Debug|x64
		{47B59BB1-9C75-4C84-9A21-B489864142F7}.Debug|x86.ActiveCfg = Debug|Win32
		{47B59BB1-9C75-4C84-9A21-B489864142F7}.Debug|x86.Build.0 = Debug|Win32
		{47B59BB1-9C75-4C84-9A21-B489864142F7}.Release|x64.ActiveCfg = Release|x64
		{47B59BB1-9C75-4C84-9A21-B489864142F7}.Release|x64.Build.0 = Release|x64
		{47B59BB1-9C75-4C84-9A21-B489864142F7}.Release|x86.ActiveCfg = Release|Win32
		{47B59BB1-9C75-4C84-9A21-B489864142F7}.Release|x86.Build.0 = Release|Win32
		{E2F20336-39EF-420D-AC4E-DC9C5AC2AC78}.Debug|x64.ActiveCfg = Debug|x64
		{E2F20336-39EF-420D-AC4E-DC9C5AC2AC78}.Debug|x64.Build.0 = Debug|x64
		{E2F20336-39EF-420D-AC4E-DC9C5AC2AC78}.Debug|x86.ActiveCfg = Debug|Win32
		{E2F20336-39EF-420D-AC4E-DC9C5AC2AC78}.Debug|x86.Build.0 = Debug|Win32
		{E2F20336-39EF-420D-AC4E-DC9C5AC2AC78}.Release|x64.ActiveCfg = Release|x64
		{E2F20336-39EF-420D-AC4E-DC9C5AC2AC78}.Release|x64.Build.0 = Release|x64
		{E2F20336-39EF-420D-AC4E-DC9C5AC2AC78}.Release|x86.ActiveCfg = Release|Win32
		{E2F20336-39EF-420D-AC4E-DC9C5AC2AC78}.Release|x86.Build.0 = Release|Win32
		{FF505207-768E-41A0-A27F-1374D97196BF}.Debug|x64.ActiveCfg = Debug|x64
		{FF505207-768E-41A0-A27F-1374D97196BF}.Debug|x64.Build.0 = Debug|x64
		{FF505207-768E-41A0-A27F-1374D97196BF}.Debug|x86.ActiveCfg = Debug|Win32
		{FF505207-768E-41A0-A27F-1374D97196BF}.Debug|x86.Build.0 = Debug|Win32
		{FF505207-768E-41A0-A27F-1374D97196BF}.Release|x64.ActiveCfg = Release|x64
		{FF505207-768E-41A0-A27F-1374D97196BF}.Release|x64.Build.0 = Release|x64
		{FF505207-768E-41A0-A27F-1374D97196BF}.Release|x86.ActiveCfg = Release|Win32
		{FF505207-768E-41A0-A27F-1374D97196BF}.Release|x86.Build.0 = Release|Win32
		{B3BBDE0D-F9DB-4788-B6D6-AE44CD392F4E}.Debug|x64.ActiveCfg = Debug|x64
		{B3BBDE0D-F9DB-4788-B6D6-AE44CD392F4E}.Debug|x64.Build.0 = Debug|x64
		{B3BBDE0D-F9DB-4788-B6D6-AE44CD392F4E}.Debug|x86.ActiveCfg = Debug|Win32
		{B3BBDE0D-F9DB-4788-B6D6-AE44CD392F4E}.Debug|x86.Build.0 = Debug|Win32
		{B3BBDE0D-F9DB-4788-B6D6-AE44CD392F4E}.Release|x64.ActiveCfg = Release|x64
		{B3BBDE0D-F9DB-4788-B6D6-AE44CD392F4E}.Release|x64.Build.0 = Release|x64
		{B3BBDE0D-F9DB-4788-B6D6-AE44CD392F4E}.Release|x86.ActiveCfg = Release|Win32
		{B3BBDE0D-F9DB-4788-B6D6-AE44CD392F4E}.Release|x86.Build.0 = Release|Win32
		{366397EF-35D0-4B66-8DB0-0A7BD48D90B3}.Debug|x64.ActiveCfg = Debug|x64
		{366397EF-35D0-4B66-8DB0-0A7BD48D90B3}.Debug|x64.Build.0 = Debug|x64
		{366397EF-35D0-4B66-8DB0-0A7BD48D90B3}.Debug|x86.ActiveCfg = Debug|Win32
		{366397EF-35D0-4B66-8DB0-0A7BD48D90B3}.Debug|x86.Build.0 = Debug|Win32
		{366397EF-35D0-4B66-8DB0-0A7BD48D90B3}.Release|x64.ActiveCfg = Release|x64
		{366397EF-35D0-4B66-8DB0-0A7BD48D90B3}.Release|x64.Build.0 = Release|x64
		{366397EF-35D0-4B66-8DB0-0A7BD48D90B3}.Release|x86.ActiveCfg = Release|Win32
		{366397EF-35D0-4B66-8DB0-0A7BD48D90B3}.Release|x86.Build.0 = Release|Win32
	EndGlobalSection
	GlobalSection(SolutionProperties) = preSolution
		HideSolutionNode = FALSE
	EndGlobalSection
	GlobalSection(ExtensibilityGlobals) = postSolution
		SolutionGuid = {9572A640-E1FD-464F-9FED-00816D1173A3}
	EndGlobalSection
EndGlobal
