
Microsoft Visual Studio Solution File, Format Version 12.00
# Visual Studio Version 17
VisualStudioVersion = 17.8.34525.116
MinimumVisualStudioVersion = 10.0.40219.1
Project("{8BC9CEB8-8B4A-11D0-8D11-00A0C91BC942}") = "Bai01", "Bai01\Bai01.vcxproj", "{2ECC880F-D7BD-400E-A5D5-043FDDAEE628}"
EndProject
Project("{8BC9CEB8-8B4A-11D0-8D11-00A0C91BC942}") = "Bai02", "Bai02\Bai02.vcxproj", "{208BDB96-1A47-4221-AB31-2B74EF214A55}"
EndProject
Project("{8BC9CEB8-8B4A-11D0-8D11-00A0C91BC942}") = "Bai03", "Bai03\Bai03.vcxproj", "{C3F9EA1E-FBEC-4D55-B206-5F03A8E52D8C}"
EndProject
Project("{8BC9CEB8-8B4A-11D0-8D11-00A0C91BC942}") = "Bai04", "Bai04\Bai04.vcxproj", "{816D08DB-65E6-4320-BB93-792137502527}"
EndProject
Project("{8BC9CEB8-8B4A-11D0-8D11-00A0C91BC942}") = "Bai05", "Bai05\Bai05.vcxproj", "{238F1CDB-E978-4F40-A6CA-7DAD06AB5F0B}"
EndProject
Project("{8BC9CEB8-8B4A-11D0-8D11-00A0C91BC942}") = "Bai06", "Bai06\Bai06.vcxproj", "{6A619775-E0D4-4A3A-8668-DEF932ACDEE8}"
EndProject
Project("{8BC9CEB8-8B4A-11D0-8D11-00A0C91BC942}") = "Bai07", "Bai07\Bai07.vcxproj", "{5763F5FC-F20C-479C-A945-6161D96011CE}"
EndProject
Project("{8BC9CEB8-8B4A-11D0-8D11-00A0C91BC942}") = "Bai08", "Bai08\Bai08.vcxproj", "{1E4C78C9-576C-4BB2-ABAB-A8DFD815FCFE}"
EndProject
Project("{8BC9CEB8-8B4A-11D0-8D11-00A0C91BC942}") = "Bai09", "Bai09\Bai09.vcxproj", "{46504430-AA5C-4616-9C63-7CB62B7C0785}"
EndProject
Project("{8BC9CEB8-8B4A-11D0-8D11-00A0C91BC942}") = "Bai10", "Bai10\Bai10.vcxproj", "{5780ABF9-9DB0-4EA7-8F46-4331706DC06B}"
EndProject
Project("{8BC9CEB8-8B4A-11D0-8D11-00A0C91BC942}") = "Bai11", "Bai11\Bai11.vcxproj", "{4347C83D-7EA4-48CB-88BA-28CB0329072C}"
EndProject
Project("{8BC9CEB8-8B4A-11D0-8D11-00A0C91BC942}") = "Bai12", "Bai12\Bai12.vcxproj", "{A667104B-047B-4011-958F-E428308D4F79}"
EndProject
Global
	GlobalSection(SolutionConfigurationPlatforms) = preSolution
		Debug|x64 = Debug|x64
		Debug|x86 = Debug|x86
		Release|x64 = Release|x64
		Release|x86 = Release|x86
	EndGlobalSection
	GlobalSection(ProjectConfigurationPlatforms) = postSolution
		{2ECC880F-D7BD-400E-A5D5-043FDDAEE628}.Debug|x64.ActiveCfg = Debug|x64
		{2ECC880F-D7BD-400E-A5D5-043FDDAEE628}.Debug|x64.Build.0 = Debug|x64
		{2ECC880F-D7BD-400E-A5D5-043FDDAEE628}.Debug|x86.ActiveCfg = Debug|Win32
		{2ECC880F-D7BD-400E-A5D5-043FDDAEE628}.Debug|x86.Build.0 = Debug|Win32
		{2ECC880F-D7BD-400E-A5D5-043FDDAEE628}.Release|x64.ActiveCfg = Release|x64
		{2ECC880F-D7BD-400E-A5D5-043FDDAEE628}.Release|x64.Build.0 = Release|x64
		{2ECC880F-D7BD-400E-A5D5-043FDDAEE628}.Release|x86.ActiveCfg = Release|Win32
		{2ECC880F-D7BD-400E-A5D5-043FDDAEE628}.Release|x86.Build.0 = Release|Win32
		{208BDB96-1A47-4221-AB31-2B74EF214A55}.Debug|x64.ActiveCfg = Debug|x64
		{208BDB96-1A47-4221-AB31-2B74EF214A55}.Debug|x64.Build.0 = Debug|x64
		{208BDB96-1A47-4221-AB31-2B74EF214A55}.Debug|x86.ActiveCfg = Debug|Win32
		{208BDB96-1A47-4221-AB31-2B74EF214A55}.Debug|x86.Build.0 = Debug|Win32
		{208BDB96-1A47-4221-AB31-2B74EF214A55}.Release|x64.ActiveCfg = Release|x64
		{208BDB96-1A47-4221-AB31-2B74EF214A55}.Release|x64.Build.0 = Release|x64
		{208BDB96-1A47-4221-AB31-2B74EF214A55}.Release|x86.ActiveCfg = Release|Win32
		{208BDB96-1A47-4221-AB31-2B74EF214A55}.Release|x86.Build.0 = Release|Win32
		{C3F9EA1E-FBEC-4D55-B206-5F03A8E52D8C}.Debug|x64.ActiveCfg = Debug|x64
		{C3F9EA1E-FBEC-4D55-B206-5F03A8E52D8C}.Debug|x64.Build.0 = Debug|x64
		{C3F9EA1E-FBEC-4D55-B206-5F03A8E52D8C}.Debug|x86.ActiveCfg = Debug|Win32
		{C3F9EA1E-FBEC-4D55-B206-5F03A8E52D8C}.Debug|x86.Build.0 = Debug|Win32
		{C3F9EA1E-FBEC-4D55-B206-5F03A8E52D8C}.Release|x64.ActiveCfg = Release|x64
		{C3F9EA1E-FBEC-4D55-B206-5F03A8E52D8C}.Release|x64.Build.0 = Release|x64
		{C3F9EA1E-FBEC-4D55-B206-5F03A8E52D8C}.Release|x86.ActiveCfg = Release|Win32
		{C3F9EA1E-FBEC-4D55-B206-5F03A8E52D8C}.Release|x86.Build.0 = Release|Win32
		{816D08DB-65E6-4320-BB93-792137502527}.Debug|x64.ActiveCfg = Debug|x64
		{816D08DB-65E6-4320-BB93-792137502527}.Debug|x64.Build.0 = Debug|x64
		{816D08DB-65E6-4320-BB93-792137502527}.Debug|x86.ActiveCfg = Debug|Win32
		{816D08DB-65E6-4320-BB93-792137502527}.Debug|x86.Build.0 = Debug|Win32
		{816D08DB-65E6-4320-BB93-792137502527}.Release|x64.ActiveCfg = Release|x64
		{816D08DB-65E6-4320-BB93-792137502527}.Release|x64.Build.0 = Release|x64
		{816D08DB-65E6-4320-BB93-792137502527}.Release|x86.ActiveCfg = Release|Win32
		{816D08DB-65E6-4320-BB93-792137502527}.Release|x86.Build.0 = Release|Win32
		{238F1CDB-E978-4F40-A6CA-7DAD06AB5F0B}.Debug|x64.ActiveCfg = Debug|x64
		{238F1CDB-E978-4F40-A6CA-7DAD06AB5F0B}.Debug|x64.Build.0 = Debug|x64
		{238F1CDB-E978-4F40-A6CA-7DAD06AB5F0B}.Debug|x86.ActiveCfg = Debug|Win32
		{238F1CDB-E978-4F40-A6CA-7DAD06AB5F0B}.Debug|x86.Build.0 = Debug|Win32
		{238F1CDB-E978-4F40-A6CA-7DAD06AB5F0B}.Release|x64.ActiveCfg = Release|x64
		{238F1CDB-E978-4F40-A6CA-7DAD06AB5F0B}.Release|x64.Build.0 = Release|x64
		{238F1CDB-E978-4F40-A6CA-7DAD06AB5F0B}.Release|x86.ActiveCfg = Release|Win32
		{238F1CDB-E978-4F40-A6CA-7DAD06AB5F0B}.Release|x86.Build.0 = Release|Win32
		{6A619775-E0D4-4A3A-8668-DEF932ACDEE8}.Debug|x64.ActiveCfg = Debug|x64
		{6A619775-E0D4-4A3A-8668-DEF932ACDEE8}.Debug|x64.Build.0 = Debug|x64
		{6A619775-E0D4-4A3A-8668-DEF932ACDEE8}.Debug|x86.ActiveCfg = Debug|Win32
		{6A619775-E0D4-4A3A-8668-DEF932ACDEE8}.Debug|x86.Build.0 = Debug|Win32
		{6A619775-E0D4-4A3A-8668-DEF932ACDEE8}.Release|x64.ActiveCfg = Release|x64
		{6A619775-E0D4-4A3A-8668-DEF932ACDEE8}.Release|x64.Build.0 = Release|x64
		{6A619775-E0D4-4A3A-8668-DEF932ACDEE8}.Release|x86.ActiveCfg = Release|Win32
		{6A619775-E0D4-4A3A-8668-DEF932ACDEE8}.Release|x86.Build.0 = Release|Win32
		{5763F5FC-F20C-479C-A945-6161D96011CE}.Debug|x64.ActiveCfg = Debug|x64
		{5763F5FC-F20C-479C-A945-6161D96011CE}.Debug|x64.Build.0 = Debug|x64
		{5763F5FC-F20C-479C-A945-6161D96011CE}.Debug|x86.ActiveCfg = Debug|Win32
		{5763F5FC-F20C-479C-A945-6161D96011CE}.Debug|x86.Build.0 = Debug|Win32
		{5763F5FC-F20C-479C-A945-6161D96011CE}.Release|x64.ActiveCfg = Release|x64
		{5763F5FC-F20C-479C-A945-6161D96011CE}.Release|x64.Build.0 = Release|x64
		{5763F5FC-F20C-479C-A945-6161D96011CE}.Release|x86.ActiveCfg = Release|Win32
		{5763F5FC-F20C-479C-A945-6161D96011CE}.Release|x86.Build.0 = Release|Win32
		{1E4C78C9-576C-4BB2-ABAB-A8DFD815FCFE}.Debug|x64.ActiveCfg = Debug|x64
		{1E4C78C9-576C-4BB2-ABAB-A8DFD815FCFE}.Debug|x64.Build.0 = Debug|x64
		{1E4C78C9-576C-4BB2-ABAB-A8DFD815FCFE}.Debug|x86.ActiveCfg = Debug|Win32
		{1E4C78C9-576C-4BB2-ABAB-A8DFD815FCFE}.Debug|x86.Build.0 = Debug|Win32
		{1E4C78C9-576C-4BB2-ABAB-A8DFD815FCFE}.Release|x64.ActiveCfg = Release|x64
		{1E4C78C9-576C-4BB2-ABAB-A8DFD815FCFE}.Release|x64.Build.0 = Release|x64
		{1E4C78C9-576C-4BB2-ABAB-A8DFD815FCFE}.Release|x86.ActiveCfg = Release|Win32
		{1E4C78C9-576C-4BB2-ABAB-A8DFD815FCFE}.Release|x86.Build.0 = Release|Win32
		{46504430-AA5C-4616-9C63-7CB62B7C0785}.Debug|x64.ActiveCfg = Debug|x64
		{46504430-AA5C-4616-9C63-7CB62B7C0785}.Debug|x64.Build.0 = Debug|x64
		{46504430-AA5C-4616-9C63-7CB62B7C0785}.Debug|x86.ActiveCfg = Debug|Win32
		{46504430-AA5C-4616-9C63-7CB62B7C0785}.Debug|x86.Build.0 = Debug|Win32
		{46504430-AA5C-4616-9C63-7CB62B7C0785}.Release|x64.ActiveCfg = Release|x64
		{46504430-AA5C-4616-9C63-7CB62B7C0785}.Release|x64.Build.0 = Release|x64
		{46504430-AA5C-4616-9C63-7CB62B7C0785}.Release|x86.ActiveCfg = Release|Win32
		{46504430-AA5C-4616-9C63-7CB62B7C0785}.Release|x86.Build.0 = Release|Win32
		{5780ABF9-9DB0-4EA7-8F46-4331706DC06B}.Debug|x64.ActiveCfg = Debug|x64
		{5780ABF9-9DB0-4EA7-8F46-4331706DC06B}.Debug|x64.Build.0 = Debug|x64
		{5780ABF9-9DB0-4EA7-8F46-4331706DC06B}.Debug|x86.ActiveCfg = Debug|Win32
		{5780ABF9-9DB0-4EA7-8F46-4331706DC06B}.Debug|x86.Build.0 = Debug|Win32
		{5780ABF9-9DB0-4EA7-8F46-4331706DC06B}.Release|x64.ActiveCfg = Release|x64
		{5780ABF9-9DB0-4EA7-8F46-4331706DC06B}.Release|x64.Build.0 = Release|x64
		{5780ABF9-9DB0-4EA7-8F46-4331706DC06B}.Release|x86.ActiveCfg = Release|Win32
		{5780ABF9-9DB0-4EA7-8F46-4331706DC06B}.Release|x86.Build.0 = Release|Win32
		{4347C83D-7EA4-48CB-88BA-28CB0329072C}.Debug|x64.ActiveCfg = Debug|x64
		{4347C83D-7EA4-48CB-88BA-28CB0329072C}.Debug|x64.Build.0 = Debug|x64
		{4347C83D-7EA4-48CB-88BA-28CB0329072C}.Debug|x86.ActiveCfg = Debug|Win32
		{4347C83D-7EA4-48CB-88BA-28CB0329072C}.Debug|x86.Build.0 = Debug|Win32
		{4347C83D-7EA4-48CB-88BA-28CB0329072C}.Release|x64.ActiveCfg = Release|x64
		{4347C83D-7EA4-48CB-88BA-28CB0329072C}.Release|x64.Build.0 = Release|x64
		{4347C83D-7EA4-48CB-88BA-28CB0329072C}.Release|x86.ActiveCfg = Release|Win32
		{4347C83D-7EA4-48CB-88BA-28CB0329072C}.Release|x86.Build.0 = Release|Win32
		{A667104B-047B-4011-958F-E428308D4F79}.Debug|x64.ActiveCfg = Debug|x64
		{A667104B-047B-4011-958F-E428308D4F79}.Debug|x64.Build.0 = Debug|x64
		{A667104B-047B-4011-958F-E428308D4F79}.Debug|x86.ActiveCfg = Debug|Win32
		{A667104B-047B-4011-958F-E428308D4F79}.Debug|x86.Build.0 = Debug|Win32
		{A667104B-047B-4011-958F-E428308D4F79}.Release|x64.ActiveCfg = Release|x64
		{A667104B-047B-4011-958F-E428308D4F79}.Release|x64.Build.0 = Release|x64
		{A667104B-047B-4011-958F-E428308D4F79}.Release|x86.ActiveCfg = Release|Win32
		{A667104B-047B-4011-958F-E428308D4F79}.Release|x86.Build.0 = Release|Win32
	EndGlobalSection
	GlobalSection(SolutionProperties) = preSolution
		HideSolutionNode = FALSE
	EndGlobalSection
	GlobalSection(ExtensibilityGlobals) = postSolution
		SolutionGuid = {B3D9F050-BE17-47EA-BB53-7E04BF9DEF94}
	EndGlobalSection
EndGlobal
