
Microsoft Visual Studio Solution File, Format Version 12.00
# Visual Studio Version 17
VisualStudioVersion = 17.8.34525.116
MinimumVisualStudioVersion = 10.0.40219.1
Project("{8BC9CEB8-8B4A-11D0-8D11-00A0C91BC942}") = "Bai01", "Bai01\Bai01.vcxproj", "{D3C46B95-20BF-4213-BB8D-062B3FB8F005}"
EndProject
Project("{8BC9CEB8-8B4A-11D0-8D11-00A0C91BC942}") = "Bai02", "Bai02\Bai02.vcxproj", "{81E37A5F-C322-47F7-A756-5A5A89BC08A8}"
EndProject
Project("{8BC9CEB8-8B4A-11D0-8D11-00A0C91BC942}") = "Bai03", "Bai03\Bai03.vcxproj", "{5285964B-4957-47FA-A044-F2A934843E56}"
EndProject
Project("{8BC9CEB8-8B4A-11D0-8D11-00A0C91BC942}") = "Bai04.1", "Bai04.1\Bai04.1.vcxproj", "{6A4E1E50-592C-4FF2-9349-5A5F234A85CF}"
EndProject
Project("{8BC9CEB8-8B4A-11D0-8D11-00A0C91BC942}") = "Bai04.2", "Bai04.2\Bai04.2.vcxproj", "{C1AAC1CD-64FC-43F2-81BA-797254674DE7}"
EndProject
Project("{8BC9CEB8-8B4A-11D0-8D11-00A0C91BC942}") = "Bai04.3", "Bai04.3\Bai04.3.vcxproj", "{BC6734F3-2E6B-4CD1-B5F0-4DF1380E0F79}"
EndProject
Project("{8BC9CEB8-8B4A-11D0-8D11-00A0C91BC942}") = "Bai04.4", "Bai04.4\Bai04.4.vcxproj", "{32F3D9D5-6B5D-45EC-9C45-AF5E51897937}"
EndProject
Project("{8BC9CEB8-8B4A-11D0-8D11-00A0C91BC942}") = "Bai04.5", "Bai04.5\Bai04.5.vcxproj", "{CF482608-39A9-4A0C-85A7-D615F49DA7E6}"
EndProject
Project("{8BC9CEB8-8B4A-11D0-8D11-00A0C91BC942}") = "Bai04.6", "Bai04.6\Bai04.6.vcxproj", "{07FE70AD-B9FD-4B3F-A926-91EE2F683E6D}"
EndProject
Project("{8BC9CEB8-8B4A-11D0-8D11-00A0C91BC942}") = "Bai04.7", "Bai04.7\Bai04.7.vcxproj", "{3D1D567D-7D4B-4BBA-BA69-6CF701B1A6DE}"
EndProject
Project("{8BC9CEB8-8B4A-11D0-8D11-00A0C91BC942}") = "Bai04.8", "Bai04.8\Bai04.8.vcxproj", "{C7D7A9DF-1CD6-4292-8E90-83154B9827F1}"
EndProject
Project("{8BC9CEB8-8B4A-11D0-8D11-00A0C91BC942}") = "Bai05", "Bai05\Bai05.vcxproj", "{7EC7E240-8228-4971-9956-1491FFA71404}"
EndProject
Project("{8BC9CEB8-8B4A-11D0-8D11-00A0C91BC942}") = "Bai06", "Bai06\Bai06.vcxproj", "{5A2BA8BC-7343-4189-8310-BF7A8496B998}"
EndProject
Global
	GlobalSection(SolutionConfigurationPlatforms) = preSolution
		Debug|x64 = Debug|x64
		Debug|x86 = Debug|x86
		Release|x64 = Release|x64
		Release|x86 = Release|x86
	EndGlobalSection
	GlobalSection(ProjectConfigurationPlatforms) = postSolution
		{D3C46B95-20BF-4213-BB8D-062B3FB8F005}.Debug|x64.ActiveCfg = Debug|x64
		{D3C46B95-20BF-4213-BB8D-062B3FB8F005}.Debug|x64.Build.0 = Debug|x64
		{D3C46B95-20BF-4213-BB8D-062B3FB8F005}.Debug|x86.ActiveCfg = Debug|Win32
		{D3C46B95-20BF-4213-BB8D-062B3FB8F005}.Debug|x86.Build.0 = Debug|Win32
		{D3C46B95-20BF-4213-BB8D-062B3FB8F005}.Release|x64.ActiveCfg = Release|x64
		{D3C46B95-20BF-4213-BB8D-062B3FB8F005}.Release|x64.Build.0 = Release|x64
		{D3C46B95-20BF-4213-BB8D-062B3FB8F005}.Release|x86.ActiveCfg = Release|Win32
		{D3C46B95-20BF-4213-BB8D-062B3FB8F005}.Release|x86.Build.0 = Release|Win32
		{81E37A5F-C322-47F7-A756-5A5A89BC08A8}.Debug|x64.ActiveCfg = Debug|x64
		{81E37A5F-C322-47F7-A756-5A5A89BC08A8}.Debug|x64.Build.0 = Debug|x64
		{81E37A5F-C322-47F7-A756-5A5A89BC08A8}.Debug|x86.ActiveCfg = Debug|Win32
		{81E37A5F-C322-47F7-A756-5A5A89BC08A8}.Debug|x86.Build.0 = Debug|Win32
		{81E37A5F-C322-47F7-A756-5A5A89BC08A8}.Release|x64.ActiveCfg = Release|x64
		{81E37A5F-C322-47F7-A756-5A5A89BC08A8}.Release|x64.Build.0 = Release|x64
		{81E37A5F-C322-47F7-A756-5A5A89BC08A8}.Release|x86.ActiveCfg = Release|Win32
		{81E37A5F-C322-47F7-A756-5A5A89BC08A8}.Release|x86.Build.0 = Release|Win32
		{5285964B-4957-47FA-A044-F2A934843E56}.Debug|x64.ActiveCfg = Debug|x64
		{5285964B-4957-47FA-A044-F2A934843E56}.Debug|x64.Build.0 = Debug|x64
		{5285964B-4957-47FA-A044-F2A934843E56}.Debug|x86.ActiveCfg = Debug|Win32
		{5285964B-4957-47FA-A044-F2A934843E56}.Debug|x86.Build.0 = Debug|Win32
		{5285964B-4957-47FA-A044-F2A934843E56}.Release|x64.ActiveCfg = Release|x64
		{5285964B-4957-47FA-A044-F2A934843E56}.Release|x64.Build.0 = Release|x64
		{5285964B-4957-47FA-A044-F2A934843E56}.Release|x86.ActiveCfg = Release|Win32
		{5285964B-4957-47FA-A044-F2A934843E56}.Release|x86.Build.0 = Release|Win32
		{6A4E1E50-592C-4FF2-9349-5A5F234A85CF}.Debug|x64.ActiveCfg = Debug|x64
		{6A4E1E50-592C-4FF2-9349-5A5F234A85CF}.Debug|x64.Build.0 = Debug|x64
		{6A4E1E50-592C-4FF2-9349-5A5F234A85CF}.Debug|x86.ActiveCfg = Debug|Win32
		{6A4E1E50-592C-4FF2-9349-5A5F234A85CF}.Debug|x86.Build.0 = Debug|Win32
		{6A4E1E50-592C-4FF2-9349-5A5F234A85CF}.Release|x64.ActiveCfg = Release|x64
		{6A4E1E50-592C-4FF2-9349-5A5F234A85CF}.Release|x64.Build.0 = Release|x64
		{6A4E1E50-592C-4FF2-9349-5A5F234A85CF}.Release|x86.ActiveCfg = Release|Win32
		{6A4E1E50-592C-4FF2-9349-5A5F234A85CF}.Release|x86.Build.0 = Release|Win32
		{C1AAC1CD-64FC-43F2-81BA-797254674DE7}.Debug|x64.ActiveCfg = Debug|x64
		{C1AAC1CD-64FC-43F2-81BA-797254674DE7}.Debug|x64.Build.0 = Debug|x64
		{C1AAC1CD-64FC-43F2-81BA-797254674DE7}.Debug|x86.ActiveCfg = Debug|Win32
		{C1AAC1CD-64FC-43F2-81BA-797254674DE7}.Debug|x86.Build.0 = Debug|Win32
		{C1AAC1CD-64FC-43F2-81BA-797254674DE7}.Release|x64.ActiveCfg = Release|x64
		{C1AAC1CD-64FC-43F2-81BA-797254674DE7}.Release|x64.Build.0 = Release|x64
		{C1AAC1CD-64FC-43F2-81BA-797254674DE7}.Release|x86.ActiveCfg = Release|Win32
		{C1AAC1CD-64FC-43F2-81BA-797254674DE7}.Release|x86.Build.0 = Release|Win32
		{BC6734F3-2E6B-4CD1-B5F0-4DF1380E0F79}.Debug|x64.ActiveCfg = Debug|x64
		{BC6734F3-2E6B-4CD1-B5F0-4DF1380E0F79}.Debug|x64.Build.0 = Debug|x64
		{BC6734F3-2E6B-4CD1-B5F0-4DF1380E0F79}.Debug|x86.ActiveCfg = Debug|Win32
		{BC6734F3-2E6B-4CD1-B5F0-4DF1380E0F79}.Debug|x86.Build.0 = Debug|Win32
		{BC6734F3-2E6B-4CD1-B5F0-4DF1380E0F79}.Release|x64.ActiveCfg = Release|x64
		{BC6734F3-2E6B-4CD1-B5F0-4DF1380E0F79}.Release|x64.Build.0 = Release|x64
		{BC6734F3-2E6B-4CD1-B5F0-4DF1380E0F79}.Release|x86.ActiveCfg = Release|Win32
		{BC6734F3-2E6B-4CD1-B5F0-4DF1380E0F79}.Release|x86.Build.0 = Release|Win32
		{32F3D9D5-6B5D-45EC-9C45-AF5E51897937}.Debug|x64.ActiveCfg = Debug|x64
		{32F3D9D5-6B5D-45EC-9C45-AF5E51897937}.Debug|x64.Build.0 = Debug|x64
		{32F3D9D5-6B5D-45EC-9C45-AF5E51897937}.Debug|x86.ActiveCfg = Debug|Win32
		{32F3D9D5-6B5D-45EC-9C45-AF5E51897937}.Debug|x86.Build.0 = Debug|Win32
		{32F3D9D5-6B5D-45EC-9C45-AF5E51897937}.Release|x64.ActiveCfg = Release|x64
		{32F3D9D5-6B5D-45EC-9C45-AF5E51897937}.Release|x64.Build.0 = Release|x64
		{32F3D9D5-6B5D-45EC-9C45-AF5E51897937}.Release|x86.ActiveCfg = Release|Win32
		{32F3D9D5-6B5D-45EC-9C45-AF5E51897937}.Release|x86.Build.0 = Release|Win32
		{CF482608-39A9-4A0C-85A7-D615F49DA7E6}.Debug|x64.ActiveCfg = Debug|x64
		{CF482608-39A9-4A0C-85A7-D615F49DA7E6}.Debug|x64.Build.0 = Debug|x64
		{CF482608-39A9-4A0C-85A7-D615F49DA7E6}.Debug|x86.ActiveCfg = Debug|Win32
		{CF482608-39A9-4A0C-85A7-D615F49DA7E6}.Debug|x86.Build.0 = Debug|Win32
		{CF482608-39A9-4A0C-85A7-D615F49DA7E6}.Release|x64.ActiveCfg = Release|x64
		{CF482608-39A9-4A0C-85A7-D615F49DA7E6}.Release|x64.Build.0 = Release|x64
		{CF482608-39A9-4A0C-85A7-D615F49DA7E6}.Release|x86.ActiveCfg = Release|Win32
		{CF482608-39A9-4A0C-85A7-D615F49DA7E6}.Release|x86.Build.0 = Release|Win32
		{07FE70AD-B9FD-4B3F-A926-91EE2F683E6D}.Debug|x64.ActiveCfg = Debug|x64
		{07FE70AD-B9FD-4B3F-A926-91EE2F683E6D}.Debug|x64.Build.0 = Debug|x64
		{07FE70AD-B9FD-4B3F-A926-91EE2F683E6D}.Debug|x86.ActiveCfg = Debug|Win32
		{07FE70AD-B9FD-4B3F-A926-91EE2F683E6D}.Debug|x86.Build.0 = Debug|Win32
		{07FE70AD-B9FD-4B3F-A926-91EE2F683E6D}.Release|x64.ActiveCfg = Release|x64
		{07FE70AD-B9FD-4B3F-A926-91EE2F683E6D}.Release|x64.Build.0 = Release|x64
		{07FE70AD-B9FD-4B3F-A926-91EE2F683E6D}.Release|x86.ActiveCfg = Release|Win32
		{07FE70AD-B9FD-4B3F-A926-91EE2F683E6D}.Release|x86.Build.0 = Release|Win32
		{3D1D567D-7D4B-4BBA-BA69-6CF701B1A6DE}.Debug|x64.ActiveCfg = Debug|x64
		{3D1D567D-7D4B-4BBA-BA69-6CF701B1A6DE}.Debug|x64.Build.0 = Debug|x64
		{3D1D567D-7D4B-4BBA-BA69-6CF701B1A6DE}.Debug|x86.ActiveCfg = Debug|Win32
		{3D1D567D-7D4B-4BBA-BA69-6CF701B1A6DE}.Debug|x86.Build.0 = Debug|Win32
		{3D1D567D-7D4B-4BBA-BA69-6CF701B1A6DE}.Release|x64.ActiveCfg = Release|x64
		{3D1D567D-7D4B-4BBA-BA69-6CF701B1A6DE}.Release|x64.Build.0 = Release|x64
		{3D1D567D-7D4B-4BBA-BA69-6CF701B1A6DE}.Release|x86.ActiveCfg = Release|Win32
		{3D1D567D-7D4B-4BBA-BA69-6CF701B1A6DE}.Release|x86.Build.0 = Release|Win32
		{C7D7A9DF-1CD6-4292-8E90-83154B9827F1}.Debug|x64.ActiveCfg = Debug|x64
		{C7D7A9DF-1CD6-4292-8E90-83154B9827F1}.Debug|x64.Build.0 = Debug|x64
		{C7D7A9DF-1CD6-4292-8E90-83154B9827F1}.Debug|x86.ActiveCfg = Debug|Win32
		{C7D7A9DF-1CD6-4292-8E90-83154B9827F1}.Debug|x86.Build.0 = Debug|Win32
		{C7D7A9DF-1CD6-4292-8E90-83154B9827F1}.Release|x64.ActiveCfg = Release|x64
		{C7D7A9DF-1CD6-4292-8E90-83154B9827F1}.Release|x64.Build.0 = Release|x64
		{C7D7A9DF-1CD6-4292-8E90-83154B9827F1}.Release|x86.ActiveCfg = Release|Win32
		{C7D7A9DF-1CD6-4292-8E90-83154B9827F1}.Release|x86.Build.0 = Release|Win32
		{7EC7E240-8228-4971-9956-1491FFA71404}.Debug|x64.ActiveCfg = Debug|x64
		{7EC7E240-8228-4971-9956-1491FFA71404}.Debug|x64.Build.0 = Debug|x64
		{7EC7E240-8228-4971-9956-1491FFA71404}.Debug|x86.ActiveCfg = Debug|Win32
		{7EC7E240-8228-4971-9956-1491FFA71404}.Debug|x86.Build.0 = Debug|Win32
		{7EC7E240-8228-4971-9956-1491FFA71404}.Release|x64.ActiveCfg = Release|x64
		{7EC7E240-8228-4971-9956-1491FFA71404}.Release|x64.Build.0 = Release|x64
		{7EC7E240-8228-4971-9956-1491FFA71404}.Release|x86.ActiveCfg = Release|Win32
		{7EC7E240-8228-4971-9956-1491FFA71404}.Release|x86.Build.0 = Release|Win32
		{5A2BA8BC-7343-4189-8310-BF7A8496B998}.Debug|x64.ActiveCfg = Debug|x64
		{5A2BA8BC-7343-4189-8310-BF7A8496B998}.Debug|x64.Build.0 = Debug|x64
		{5A2BA8BC-7343-4189-8310-BF7A8496B998}.Debug|x86.ActiveCfg = Debug|Win32
		{5A2BA8BC-7343-4189-8310-BF7A8496B998}.Debug|x86.Build.0 = Debug|Win32
		{5A2BA8BC-7343-4189-8310-BF7A8496B998}.Release|x64.ActiveCfg = Release|x64
		{5A2BA8BC-7343-4189-8310-BF7A8496B998}.Release|x64.Build.0 = Release|x64
		{5A2BA8BC-7343-4189-8310-BF7A8496B998}.Release|x86.ActiveCfg = Release|Win32
		{5A2BA8BC-7343-4189-8310-BF7A8496B998}.Release|x86.Build.0 = Release|Win32
	EndGlobalSection
	GlobalSection(SolutionProperties) = preSolution
		HideSolutionNode = FALSE
	EndGlobalSection
	GlobalSection(ExtensibilityGlobals) = postSolution
		SolutionGuid = {C1FF080C-75A5-4162-88D7-2FD464C57EA6}
	EndGlobalSection
EndGlobal
