
Microsoft Visual Studio Solution File, Format Version 12.00
# Visual Studio Version 17
VisualStudioVersion = 17.8.34525.116
MinimumVisualStudioVersion = 10.0.40219.1
Project("{8BC9CEB8-8B4A-11D0-8D11-00A0C91BC942}") = "Bai01", "Bai01\Bai01.vcxproj", "{8463F83D-5E5D-483B-9833-E43BCEEEB82C}"
EndProject
Project("{8BC9CEB8-8B4A-11D0-8D11-00A0C91BC942}") = "Bai02", "Bai02\Bai02.vcxproj", "{3C1F60FB-599A-42F5-B494-BB580E4E8B91}"
EndProject
Project("{8BC9CEB8-8B4A-11D0-8D11-00A0C91BC942}") = "Bai03", "Bai03\Bai03.vcxproj", "{E6954A33-2594-49A2-A50A-CCB65AE7F553}"
EndProject
Project("{8BC9CEB8-8B4A-11D0-8D11-00A0C91BC942}") = "Bai04", "Bai04\Bai04.vcxproj", "{592E58E6-91B0-4C16-B54D-DB86401EDD2A}"
EndProject
Project("{8BC9CEB8-8B4A-11D0-8D11-00A0C91BC942}") = "Bai05", "Bai05\Bai05.vcxproj", "{35F3A7B0-1DEC-4F46-A31E-753E03A77922}"
EndProject
Project("{8BC9CEB8-8B4A-11D0-8D11-00A0C91BC942}") = "Bai06", "Bai06\Bai06.vcxproj", "{D9C378E8-299D-4A17-AE64-B7EC1F91E59B}"
EndProject
Project("{8BC9CEB8-8B4A-11D0-8D11-00A0C91BC942}") = "Bai07", "Bai07\Bai07.vcxproj", "{4942A25A-DF72-4F9E-8D7F-3B2DDB03401D}"
EndProject
Project("{8BC9CEB8-8B4A-11D0-8D11-00A0C91BC942}") = "Bai08", "Bai08\Bai08.vcxproj", "{EEA877AA-34B7-4336-9569-79A3AA627002}"
EndProject
Project("{8BC9CEB8-8B4A-11D0-8D11-00A0C91BC942}") = "Bai09", "Bai09\Bai09.vcxproj", "{AEA133BE-7FA2-4C88-9BD8-9AC21776F643}"
EndProject
Global
	GlobalSection(SolutionConfigurationPlatforms) = preSolution
		Debug|x64 = Debug|x64
		Debug|x86 = Debug|x86
		Release|x64 = Release|x64
		Release|x86 = Release|x86
	EndGlobalSection
	GlobalSection(ProjectConfigurationPlatforms) = postSolution
		{8463F83D-5E5D-483B-9833-E43BCEEEB82C}.Debug|x64.ActiveCfg = Debug|x64
		{8463F83D-5E5D-483B-9833-E43BCEEEB82C}.Debug|x64.Build.0 = Debug|x64
		{8463F83D-5E5D-483B-9833-E43BCEEEB82C}.Debug|x86.ActiveCfg = Debug|Win32
		{8463F83D-5E5D-483B-9833-E43BCEEEB82C}.Debug|x86.Build.0 = Debug|Win32
		{8463F83D-5E5D-483B-9833-E43BCEEEB82C}.Release|x64.ActiveCfg = Release|x64
		{8463F83D-5E5D-483B-9833-E43BCEEEB82C}.Release|x64.Build.0 = Release|x64
		{8463F83D-5E5D-483B-9833-E43BCEEEB82C}.Release|x86.ActiveCfg = Release|Win32
		{8463F83D-5E5D-483B-9833-E43BCEEEB82C}.Release|x86.Build.0 = Release|Win32
		{3C1F60FB-599A-42F5-B494-BB580E4E8B91}.Debug|x64.ActiveCfg = Debug|x64
		{3C1F60FB-599A-42F5-B494-BB580E4E8B91}.Debug|x64.Build.0 = Debug|x64
		{3C1F60FB-599A-42F5-B494-BB580E4E8B91}.Debug|x86.ActiveCfg = Debug|Win32
		{3C1F60FB-599A-42F5-B494-BB580E4E8B91}.Debug|x86.Build.0 = Debug|Win32
		{3C1F60FB-599A-42F5-B494-BB580E4E8B91}.Release|x64.ActiveCfg = Release|x64
		{3C1F60FB-599A-42F5-B494-BB580E4E8B91}.Release|x64.Build.0 = Release|x64
		{3C1F60FB-599A-42F5-B494-BB580E4E8B91}.Release|x86.ActiveCfg = Release|Win32
		{3C1F60FB-599A-42F5-B494-BB580E4E8B91}.Release|x86.Build.0 = Release|Win32
		{E6954A33-2594-49A2-A50A-CCB65AE7F553}.Debug|x64.ActiveCfg = Debug|x64
		{E6954A33-2594-49A2-A50A-CCB65AE7F553}.Debug|x64.Build.0 = Debug|x64
		{E6954A33-2594-49A2-A50A-CCB65AE7F553}.Debug|x86.ActiveCfg = Debug|Win32
		{E6954A33-2594-49A2-A50A-CCB65AE7F553}.Debug|x86.Build.0 = Debug|Win32
		{E6954A33-2594-49A2-A50A-CCB65AE7F553}.Release|x64.ActiveCfg = Release|x64
		{E6954A33-2594-49A2-A50A-CCB65AE7F553}.Release|x64.Build.0 = Release|x64
		{E6954A33-2594-49A2-A50A-CCB65AE7F553}.Release|x86.ActiveCfg = Release|Win32
		{E6954A33-2594-49A2-A50A-CCB65AE7F553}.Release|x86.Build.0 = Release|Win32
		{592E58E6-91B0-4C16-B54D-DB86401EDD2A}.Debug|x64.ActiveCfg = Debug|x64
		{592E58E6-91B0-4C16-B54D-DB86401EDD2A}.Debug|x64.Build.0 = Debug|x64
		{592E58E6-91B0-4C16-B54D-DB86401EDD2A}.Debug|x86.ActiveCfg = Debug|Win32
		{592E58E6-91B0-4C16-B54D-DB86401EDD2A}.Debug|x86.Build.0 = Debug|Win32
		{592E58E6-91B0-4C16-B54D-DB86401EDD2A}.Release|x64.ActiveCfg = Release|x64
		{592E58E6-91B0-4C16-B54D-DB86401EDD2A}.Release|x64.Build.0 = Release|x64
		{592E58E6-91B0-4C16-B54D-DB86401EDD2A}.Release|x86.ActiveCfg = Release|Win32
		{592E58E6-91B0-4C16-B54D-DB86401EDD2A}.Release|x86.Build.0 = Release|Win32
		{35F3A7B0-1DEC-4F46-A31E-753E03A77922}.Debug|x64.ActiveCfg = Debug|x64
		{35F3A7B0-1DEC-4F46-A31E-753E03A77922}.Debug|x64.Build.0 = Debug|x64
		{35F3A7B0-1DEC-4F46-A31E-753E03A77922}.Debug|x86.ActiveCfg = Debug|Win32
		{35F3A7B0-1DEC-4F46-A31E-753E03A77922}.Debug|x86.Build.0 = Debug|Win32
		{35F3A7B0-1DEC-4F46-A31E-753E03A77922}.Release|x64.ActiveCfg = Release|x64
		{35F3A7B0-1DEC-4F46-A31E-753E03A77922}.Release|x64.Build.0 = Release|x64
		{35F3A7B0-1DEC-4F46-A31E-753E03A77922}.Release|x86.ActiveCfg = Release|Win32
		{35F3A7B0-1DEC-4F46-A31E-753E03A77922}.Release|x86.Build.0 = Release|Win32
		{D9C378E8-299D-4A17-AE64-B7EC1F91E59B}.Debug|x64.ActiveCfg = Debug|x64
		{D9C378E8-299D-4A17-AE64-B7EC1F91E59B}.Debug|x64.Build.0 = Debug|x64
		{D9C378E8-299D-4A17-AE64-B7EC1F91E59B}.Debug|x86.ActiveCfg = Debug|Win32
		{D9C378E8-299D-4A17-AE64-B7EC1F91E59B}.Debug|x86.Build.0 = Debug|Win32
		{D9C378E8-299D-4A17-AE64-B7EC1F91E59B}.Release|x64.ActiveCfg = Release|x64
		{D9C378E8-299D-4A17-AE64-B7EC1F91E59B}.Release|x64.Build.0 = Release|x64
		{D9C378E8-299D-4A17-AE64-B7EC1F91E59B}.Release|x86.ActiveCfg = Release|Win32
		{D9C378E8-299D-4A17-AE64-B7EC1F91E59B}.Release|x86.Build.0 = Release|Win32
		{4942A25A-DF72-4F9E-8D7F-3B2DDB03401D}.Debug|x64.ActiveCfg = Debug|x64
		{4942A25A-DF72-4F9E-8D7F-3B2DDB03401D}.Debug|x64.Build.0 = Debug|x64
		{4942A25A-DF72-4F9E-8D7F-3B2DDB03401D}.Debug|x86.ActiveCfg = Debug|Win32
		{4942A25A-DF72-4F9E-8D7F-3B2DDB03401D}.Debug|x86.Build.0 = Debug|Win32
		{4942A25A-DF72-4F9E-8D7F-3B2DDB03401D}.Release|x64.ActiveCfg = Release|x64
		{4942A25A-DF72-4F9E-8D7F-3B2DDB03401D}.Release|x64.Build.0 = Release|x64
		{4942A25A-DF72-4F9E-8D7F-3B2DDB03401D}.Release|x86.ActiveCfg = Release|Win32
		{4942A25A-DF72-4F9E-8D7F-3B2DDB03401D}.Release|x86.Build.0 = Release|Win32
		{EEA877AA-34B7-4336-9569-79A3AA627002}.Debug|x64.ActiveCfg = Debug|x64
		{EEA877AA-34B7-4336-9569-79A3AA627002}.Debug|x64.Build.0 = Debug|x64
		{EEA877AA-34B7-4336-9569-79A3AA627002}.Debug|x86.ActiveCfg = Debug|Win32
		{EEA877AA-34B7-4336-9569-79A3AA627002}.Debug|x86.Build.0 = Debug|Win32
		{EEA877AA-34B7-4336-9569-79A3AA627002}.Release|x64.ActiveCfg = Release|x64
		{EEA877AA-34B7-4336-9569-79A3AA627002}.Release|x64.Build.0 = Release|x64
		{EEA877AA-34B7-4336-9569-79A3AA627002}.Release|x86.ActiveCfg = Release|Win32
		{EEA877AA-34B7-4336-9569-79A3AA627002}.Release|x86.Build.0 = Release|Win32
		{AEA133BE-7FA2-4C88-9BD8-9AC21776F643}.Debug|x64.ActiveCfg = Debug|x64
		{AEA133BE-7FA2-4C88-9BD8-9AC21776F643}.Debug|x64.Build.0 = Debug|x64
		{AEA133BE-7FA2-4C88-9BD8-9AC21776F643}.Debug|x86.ActiveCfg = Debug|Win32
		{AEA133BE-7FA2-4C88-9BD8-9AC21776F643}.Debug|x86.Build.0 = Debug|Win32
		{AEA133BE-7FA2-4C88-9BD8-9AC21776F643}.Release|x64.ActiveCfg = Release|x64
		{AEA133BE-7FA2-4C88-9BD8-9AC21776F643}.Release|x64.Build.0 = Release|x64
		{AEA133BE-7FA2-4C88-9BD8-9AC21776F643}.Release|x86.ActiveCfg = Release|Win32
		{AEA133BE-7FA2-4C88-9BD8-9AC21776F643}.Release|x86.Build.0 = Release|Win32
	EndGlobalSection
	GlobalSection(SolutionProperties) = preSolution
		HideSolutionNode = FALSE
	EndGlobalSection
	GlobalSection(ExtensibilityGlobals) = postSolution
		SolutionGuid = {EB4B4682-9F6F-46C8-8E1F-552CCD6E784A}
	EndGlobalSection
EndGlobal
